{
  "name": "mdwrkcom-content-pack",
  "version": "0.1.0",
  "lockfileVersion": 3,
  "requires": true,
  "packages": {
    "": {
      "name": "mdwrkcom-content-pack",
      "version": "0.1.0",
      "license": "Apache-2.0",
      "workspaces": [
        "packages/content/*"
      ],
      "dependencies": {
        "@mdwrk/lander-content-contract": "^0.1.2"
      },
      "devDependencies": {
        "typescript": "5.9.3"
      },
      "engines": {
        "node": ">=20 <23",
        "npm": ">=10",
        "pnpm": ">=10"
      }
    },
    "node_modules/@mdwrk/lander-content-contract": {
      "version": "0.1.2",
      "resolved": "https://registry.npmjs.org/@mdwrk/lander-content-contract/-/lander-content-contract-0.1.2.tgz",
      "integrity": "sha512-QJUe1OlmBffeiGWOy2tSNm6p1XtgIdEDYTPVqVMX9lXMZ69dmd4W7xR67UIVE6UKOQCH9al4LkL1mG8yNsss+w==",
      "engines": {
        "node": ">=20 <23"
      }
    },
    "node_modules/@mdwrk/mdwrkcom-content-pack": {
      "resolved": "packages/content/mdwrkcom-content-pack",
      "link": true
    },
    "node_modules/typescript": {
      "version": "5.9.3",
      "resolved": "https://registry.npmjs.org/typescript/-/typescript-5.9.3.tgz",
      "integrity": "sha512-jl1vZzPDinLr9eUt3J/t7V6FgNEw9QjvBPdysz9KfQDD41fQrC2Y4vKQdiaUpFT4bXlb1RHhLpp8wtm6M5TgSw==",
      "dev": true,
      "bin": {
        "tsc": "bin/tsc",
        "tsserver": "bin/tsserver"
      },
      "engines": {
        "node": ">=14.17"
      }
    },
    "packages/content/mdwrkcom-content-pack": {
      "name": "@mdwrk/mdwrkcom-content-pack",
      "version": "0.1.9",
      "license": "Apache-2.0",
      "dependencies": {
        "@mdwrk/lander-content-contract": "^0.1.0"
      },
      "engines": {
        "node": ">=20 <23"
      }
    }
  }
}
